// !$*UTF8*$!
{
	archiveVersion = 1;
	classes = {
	};
	objectVersion = 46;
	objects = {

/* Begin PBXBuildFile section */
		8D1FAE4D1A872A9C00A4898D /* main.m in Sources */ = {isa = PBXBuildFile; fileRef = 8D1FAE4C1A872A9C00A4898D /* main.m */; };
		8D1FAE501A872A9C00A4898D /* AppDelegate.m in Sources */ = {isa = PBXBuildFile; fileRef = 8D1FAE4F1A872A9C00A4898D /* AppDelegate.m */; };
		8D1FAE531A872A9C00A4898D /* ViewController.m in Sources */ = {isa = PBXBuildFile; fileRef = 8D1FAE521A872A9C00A4898D /* ViewController.m */; };
		8D1FAE561A872A9C00A4898D /* Main.storyboard in Resources */ = {isa = PBXBuildFile; fileRef = 8D1FAE541A872A9C00A4898D /* Main.storyboard */; };
		8D1FAE581A872A9C00A4898D /* Images.xcassets in Resources */ = {isa = PBXBuildFile; fileRef = 8D1FAE571A872A9C00A4898D /* Images.xcassets */; };
		8D1FAE5B1A872A9C00A4898D /* LaunchScreen.xib in Resources */ = {isa = PBXBuildFile; fileRef = 8D1FAE591A872A9C00A4898D /* LaunchScreen.xib */; };
		8D1FAE671A872A9C00A4898D /* TextCheckerTestTests.m in Sources */ = {isa = PBXBuildFile; fileRef = 8D1FAE661A872A9C00A4898D /* TextCheckerTestTests.m */; };
/* End PBXBuildFile section */

/* Begin PBXContainerItemProxy section */
		8D1FAE611A872A9C00A4898D /* PBXContainerItemProxy */ = {
			isa = PBXContainerItemProxy;
			containerPortal = 8D1FAE3F1A872A9C00A4898D /* Project object */;
			proxyType = 1;
			remoteGlobalIDString = 8D1FAE461A872A9C00A4898D;
			remoteInfo = TextCheckerTest;
		};
/* End PBXContainerItemProxy section */

/* Begin PBXFileReference section */
		8D1FAE471A872A9C00A4898D /* TextCheckerTest.app */ = {isa = PBXFileReference; explicitFileType = wrapper.application; includeInIndex = 0; path = TextCheckerTest.app; sourceTree = BUILT_PRODUCTS_DIR; };
		8D1FAE4B1A872A9C00A4898D /* Info.plist */ = {isa = PBXFileReference; lastKnownFileType = text.plist.xml; path = Info.plist; sourceTree = "<group>"; };
		8D1FAE4C1A872A9C00A4898D /* main.m */ = {isa = PBXFileReference; lastKnownFileType = sourcecode.c.objc; path = main.m; sourceTree = "<group>"; };
		8D1FAE4E1A872A9C00A4898D /* AppDelegate.h */ = {isa = PBXFileReference; lastKnownFileType = sourcecode.c.h; path = AppDelegate.h; sourceTree = "<group>"; };
		8D1FAE4F1A872A9C00A4898D /* AppDelegate.m */ = {isa = PBXFileReference; lastKnownFileType = sourcecode.c.objc; path = AppDelegate.m; sourceTree = "<group>"; };
		8D1FAE511A872A9C00A4898D /* ViewController.h */ = {isa = PBXFileReference; lastKnownFileType = sourcecode.c.h; path = ViewController.h; sourceTree = "<group>"; };
		8D1FAE521A872A9C00A4898D /* ViewController.m */ = {isa = PBXFileReference; lastKnownFileType = sourcecode.c.objc; path = ViewController.m; sourceTree = "<group>"; };
		8D1FAE551A872A9C00A4898D /* Base */ = {isa = PBXFileReference; lastKnownFileType = file.storyboard; name = Base; path = Base.lproj/Main.storyboard; sourceTree = "<group>"; };
		8D1FAE571A872A9C00A4898D /* Images.xcassets */ = {isa = PBXFileReference; lastKnownFileType = folder.assetcatalog; path = Images.xcassets; sourceTree = "<group>"; };
		8D1FAE5A1A872A9C00A4898D /* Base */ = {isa = PBXFileReference; lastKnownFileType = file.xib; name = Base; path = Base.lproj/LaunchScreen.xib; sourceTree = "<group>"; };
		8D1FAE601A872A9C00A4898D /* TextCheckerTestTests.xctest */ = {isa = PBXFileReference; explicitFileType = wrapper.cfbundle; includeInIndex = 0; path = TextCheckerTestTests.xctest; sourceTree = BUILT_PRODUCTS_DIR; };
		8D1FAE651A872A9C00A4898D /* Info.plist */ = {isa = PBXFileReference; lastKnownFileType = text.plist.xml; path = Info.plist; sourceTree = "<group>"; };
		8D1FAE661A872A9C00A4898D /* TextCheckerTestTests.m */ = {isa = PBXFileReference; lastKnownFileType = sourcecode.c.objc; path = TextCheckerTestTests.m; sourceTree = "<group>"; };
/* End PBXFileReference section */

/* Begin PBXFrameworksBuildPhase section */
		8D1FAE441A872A9C00A4898D /* Frameworks */ = {
			isa = PBXFrameworksBuildPhase;
			buildActionMask = 2147483647;
			files = (
			);
			runOnlyForDeploymentPostprocessing = 0;
		};
		8D1FAE5D1A872A9C00A4898D /* Frameworks */ = {
			isa = PBXFrameworksBuildPhase;
			buildActionMask = 2147483647;
			files = (
			);
			runOnlyForDeploymentPostprocessing = 0;
		};
/* End PBXFrameworksBuildPhase section */

/* Begin PBXGroup section */
		8D1FAE3E1A872A9C00A4898D = {
			isa = PBXGroup;
			children = (
				8D1FAE491A872A9C00A4898D /* TextCheckerTest */,
				8D1FAE631A872A9C00A4898D /* TextCheckerTestTests */,
				8D1FAE481A872A9C00A4898D /* Products */,
			);
			sourceTree = "<group>";
		};
		8D1FAE481A872A9C00A4898D /* Products */ = {
			isa = PBXGroup;
			children = (
				8D1FAE471A872A9C00A4898D /* TextCheckerTest.app */,
				8D1FAE601A872A9C00A4898D /* TextCheckerTestTests.xctest */,
			);
			name = Products;
			sourceTree = "<group>";
		};
		8D1FAE491A872A9C00A4898D /* TextCheckerTest */ = {
			isa = PBXGroup;
			children = (
				8D1FAE4E1A872A9C00A4898D /* AppDelegate.h */,
				8D1FAE4F1A872A9C00A4898D /* AppDelegate.m */,
				8D1FAE511A872A9C00A4898D /* ViewController.h */,
				8D1FAE521A872A9C00A4898D /* ViewController.m */,
				8D1FAE541A872A9C00A4898D /* Main.storyboard */,
				8D1FAE571A872A9C00A4898D /* Images.xcassets */,
				8D1FAE591A872A9C00A4898D /* LaunchScreen.xib */,
				8D1FAE4A1A872A9C00A4898D /* Supporting Files */,
			);
			path = TextCheckerTest;
			sourceTree = "<group>";
		};
		8D1FAE4A1A872A9C00A4898D /* Supporting Files */ = {
			isa = PBXGroup;
			children = (
				8D1FAE4B1A872A9C00A4898D /* Info.plist */,
				8D1FAE4C1A872A9C00A4898D /* main.m */,
			);
			name = "Supporting Files";
			sourceTree = "<group>";
		};
		8D1FAE631A872A9C00A4898D /* TextCheckerTestTests */ = {
			isa = PBXGroup;
			children = (
				8D1FAE661A872A9C00A4898D /* TextCheckerTestTests.m */,
				8D1FAE641A872A9C00A4898D /* Supporting Files */,
			);
			path = TextCheckerTestTests;
			sourceTree = "<group>";
		};
		8D1FAE641A872A9C00A4898D /* Supporting Files */ = {
			isa = PBXGroup;
			children = (
				8D1FAE651A872A9C00A4898D /* Info.plist */,
			);
			name = "Supporting Files";
			sourceTree = "<group>";
		};
/* End PBXGroup section */

/* Begin PBXNativeTarget section */
		8D1FAE461A872A9C00A4898D /* TextCheckerTest */ = {
			isa = PBXNativeTarget;
			buildConfigurationList = 8D1FAE6A1A872A9C00A4898D /* Build configuration list for PBXNativeTarget "TextCheckerTest" */;
			buildPhases = (
				8D1FAE431A872A9C00A4898D /* Sources */,
				8D1FAE441A872A9C00A4898D /* Frameworks */,
				8D1FAE451A872A9C00A4898D /* Resources */,
			);
			buildRules = (
			);
			dependencies = (
			);
			name = TextCheckerTest;
			productName = TextCheckerTest;
			productReference = 8D1FAE471A872A9C00A4898D /* TextCheckerTest.app */;
			productType = "com.apple.product-type.application";
		};
		8D1FAE5F1A872A9C00A4898D /* TextCheckerTestTests */ = {
			isa = PBXNativeTarget;
			buildConfigurationList = 8D1FAE6D1A872A9C00A4898D /* Build configuration list for PBXNativeTarget "TextCheckerTestTests" */;
			buildPhases = (
				8D1FAE5C1A872A9C00A4898D /* Sources */,
				8D1FAE5D1A872A9C00A4898D /* Frameworks */,
				8D1FAE5E1A872A9C00A4898D /* Resources */,
			);
			buildRules = (
			);
			dependencies = (
				8D1FAE621A872A9C00A4898D /* PBXTargetDependency */,
			);
			name = TextCheckerTestTests;
			productName = TextCheckerTestTests;
			productReference = 8D1FAE601A872A9C00A4898D /* TextCheckerTestTests.xctest */;
			productType = "com.apple.product-type.bundle.unit-test";
		};
/* End PBXNativeTarget section */

/* Begin PBXProject section */
		8D1FAE3F1A872A9C00A4898D /* Project object */ = {
			isa = PBXProject;
			attributes = {
				LastUpgradeCheck = 0620;
				ORGANIZATIONNAME = "Morgan Chen";
				TargetAttributes = {
					8D1FAE461A872A9C00A4898D = {
						CreatedOnToolsVersion = 6.2;
					};
					8D1FAE5F1A872A9C00A4898D = {
						CreatedOnToolsVersion = 6.2;
						TestTargetID = 8D1FAE461A872A9C00A4898D;
					};
				};
			};
			buildConfigurationList = 8D1FAE421A872A9C00A4898D /* Build configuration list for PBXProject "TextCheckerTest" */;
			compatibilityVersion = "Xcode 3.2";
			developmentRegion = English;
			hasScannedForEncodings = 0;
			knownRegions = (
				en,
				Base,
			);
			mainGroup = 8D1FAE3E1A872A9C00A4898D;
			productRefGroup = 8D1FAE481A872A9C00A4898D /* Products */;
			projectDirPath = "";
			projectRoot = "";
			targets = (
				8D1FAE461A872A9C00A4898D /* TextCheckerTest */,
				8D1FAE5F1A872A9C00A4898D /* TextCheckerTestTests */,
			);
		};
/* End PBXProject section */

/* Begin PBXResourcesBuildPhase section */
		8D1FAE451A872A9C00A4898D /* Resources */ = {
			isa = PBXResourcesBuildPhase;
			buildActionMask = 2147483647;
			files = (
				8D1FAE561A872A9C00A4898D /* Main.storyboard in Resources */,
				8D1FAE5B1A872A9C00A4898D /* LaunchScreen.xib in Resources */,
				8D1FAE581A872A9C00A4898D /* Images.xcassets in Resources */,
			);
			runOnlyForDeploymentPostprocessing = 0;
		};
		8D1FAE5E1A872A9C00A4898D /* Resources */ = {
			isa = PBXResourcesBuildPhase;
			buildActionMask = 2147483647;
			files = (
			);
			runOnlyForDeploymentPostprocessing = 0;
		};
/* End PBXResourcesBuildPhase section */

/* Begin PBXSourcesBuildPhase section */
		8D1FAE431A872A9C00A4898D /* Sources */ = {
			isa = PBXSourcesBuildPhase;
			buildActionMask = 2147483647;
			files = (
				8D1FAE531A872A9C00A4898D /* ViewController.m in Sources */,
				8D1FAE501A872A9C00A4898D /* AppDelegate.m in Sources */,
				8D1FAE4D1A872A9C00A4898D /* main.m in Sources */,
			);
			runOnlyForDeploymentPostprocessing = 0;
		};
		8D1FAE5C1A872A9C00A4898D /* Sources */ = {
			isa = PBXSourcesBuildPhase;
			buildActionMask = 2147483647;
			files = (
				8D1FAE671A872A9C00A4898D /* TextCheckerTestTests.m in Sources */,
			);
			runOnlyForDeploymentPostprocessing = 0;
		};
/* End PBXSourcesBuildPhase section */

/* Begin PBXTargetDependency section */
		8D1FAE621A872A9C00A4898D /* PBXTargetDependency */ = {
			isa = PBXTargetDependency;
			target = 8D1FAE461A872A9C00A4898D /* TextCheckerTest */;
			targetProxy = 8D1FAE611A872A9C00A4898D /* PBXContainerItemProxy */;
		};
/* End PBXTargetDependency section */

/* Begin PBXVariantGroup section */
		8D1FAE541A872A9C00A4898D /* Main.storyboard */ = {
			isa = PBXVariantGroup;
			children = (
				8D1FAE551A872A9C00A4898D /* Base */,
			);
			name = Main.storyboard;
			sourceTree = "<group>";
		};
		8D1FAE591A872A9C00A4898D /* LaunchScreen.xib */ = {
			isa = PBXVariantGroup;
			children = (
				8D1FAE5A1A872A9C00A4898D /* Base */,
			);
			name = LaunchScreen.xib;
			sourceTree = "<group>";
		};
/* End PBXVariantGroup section */

/* Begin XCBuildConfiguration section */
		8D1FAE681A872A9C00A4898D /* Debug */ = {
			isa = XCBuildConfiguration;
			buildSettings = {
				ALWAYS_SEARCH_USER_PATHS = NO;
				CLANG_CXX_LANGUAGE_STANDARD = "gnu++0x";
				CLANG_CXX_LIBRARY = "libc++";
				CLANG_ENABLE_MODULES = YES;
				CLANG_ENABLE_OBJC_ARC = YES;
				CLANG_WARN_BOOL_CONVERSION = YES;
				CLANG_WARN_CONSTANT_CONVERSION = YES;
				CLANG_WARN_DIRECT_OBJC_ISA_USAGE = YES_ERROR;
				CLANG_WARN_EMPTY_BODY = YES;
				CLANG_WARN_ENUM_CONVERSION = YES;
				CLANG_WARN_INT_CONVERSION = YES;
				CLANG_WARN_OBJC_ROOT_CLASS = YES_ERROR;
				CLANG_WARN_UNREACHABLE_CODE = YES;
				CLANG_WARN__DUPLICATE_METHOD_MATCH = YES;
				"CODE_SIGN_IDENTITY[sdk=iphoneos*]" = "iPhone Developer";
				COPY_PHASE_STRIP = NO;
				ENABLE_STRICT_OBJC_MSGSEND = YES;
				GCC_C_LANGUAGE_STANDARD = gnu99;
				GCC_DYNAMIC_NO_PIC = NO;
				GCC_OPTIMIZATION_LEVEL = 0;
				GCC_PREPROCESSOR_DEFINITIONS = (
					"DEBUG=1",
					"$(inherited)",
				);
				GCC_SYMBOLS_PRIVATE_EXTERN = NO;
				GCC_WARN_64_TO_32_BIT_CONVERSION = YES;
				GCC_WARN_ABOUT_RETURN_TYPE = YES_ERROR;
				GCC_WARN_UNDECLARED_SELECTOR = YES;
				GCC_WARN_UNINITIALIZED_AUTOS = YES_AGGRESSIVE;
				GCC_WARN_UNUSED_FUNCTION = YES;
				GCC_WARN_UNUSED_VARIABLE = YES;
				IPHONEOS_DEPLOYMENT_TARGET = 8.2;
				MTL_ENABLE_DEBUG_INFO = YES;
				ONLY_ACTIVE_ARCH = YES;
				SDKROOT = iphoneos;
				TARGETED_DEVICE_FAMILY = "1,2";
			};
			name = Debug;
		};
		8D1FAE691A872A9C00A4898D /* Release */ = {
			isa = XCBuildConfiguration;
			buildSettings = {
				ALWAYS_SEARCH_USER_PATHS = NO;
				CLANG_CXX_LANGUAGE_STANDARD = "gnu++0x";
				CLANG_CXX_LIBRARY = "libc++";
				CLANG_ENABLE_MODULES = YES;
				CLANG_ENABLE_OBJC_ARC = YES;
				CLANG_WARN_BOOL_CONVERSION = YES;
				CLANG_WARN_CONSTANT_CONVERSION = YES;
				CLANG_WARN_DIRECT_OBJC_ISA_USAGE = YES_ERROR;
				CLANG_WARN_EMPTY_BODY = YES;
				CLANG_WARN_ENUM_CONVERSION = YES;
				CLANG_WARN_INT_CONVERSION = YES;
				CLANG_WARN_OBJC_ROOT_CLASS = YES_ERROR;
				CLANG_WARN_UNREACHABLE_CODE = YES;
				CLANG_WARN__DUPLICATE_METHOD_MATCH = YES;
				"CODE_SIGN_IDENTITY[sdk=iphoneos*]" = "iPhone Developer";
				COPY_PHASE_STRIP = NO;
				ENABLE_NS_ASSERTIONS = NO;
				ENABLE_STRICT_OBJC_MSGSEND = YES;
				GCC_C_LANGUAGE_STANDARD = gnu99;
				GCC_WARN_64_TO_32_BIT_CONVERSION = YES;
				GCC_WARN_ABOUT_RETURN_TYPE = YES_ERROR;
				GCC_WARN_UNDECLARED_SELECTOR = YES;
				GCC_WARN_UNINITIALIZED_AUTOS = YES_AGGRESSIVE;
				GCC_WARN_UNUSED_FUNCTION = YES;
				GCC_WARN_UNUSED_VARIABLE = YES;
				IPHONEOS_DEPLOYMENT_TARGET = 8.2;
				MTL_ENABLE_DEBUG_INFO = NO;
				SDKROOT = iphoneos;
				TARGETED_DEVICE_FAMILY = "1,2";
				VALIDATE_PRODUCT = YES;
			};
			name = Release;
		};
		8D1FAE6B1A872A9C00A4898D /* Debug */ = {
			isa = XCBuildConfiguration;
			buildSettings = {
				ASSETCATALOG_COMPILER_APPICON_NAME = AppIcon;
				INFOPLIST_FILE = TextCheckerTest/Info.plist;
				LD_RUNPATH_SEARCH_PATHS = "$(inherited) @executable_path/Frameworks";
				PRODUCT_NAME = "$(TARGET_NAME)";
			};
			name = Debug;
		};
		8D1FAE6C1A872A9C00A4898D /* Release */ = {
			isa = XCBuildConfiguration;
			buildSettings = {
				ASSETCATALOG_COMPILER_APPICON_NAME = AppIcon;
				INFOPLIST_FILE = TextCheckerTest/Info.plist;
				LD_RUNPATH_SEARCH_PATHS = "$(inherited) @executable_path/Frameworks";
				PRODUCT_NAME = "$(TARGET_NAME)";
			};
			name = Release;
		};
		8D1FAE6E1A872A9C00A4898D /* Debug */ = {
			isa = XCBuildConfiguration;
			buildSettings = {
				BUNDLE_LOADER = "$(TEST_HOST)";
				FRAMEWORK_SEARCH_PATHS = (
					"$(SDKROOT)/Developer/Library/Frameworks",
					"$(inherited)",
				);
				GCC_PREPROCESSOR_DEFINITIONS = (
					"DEBUG=1",
					"$(inherited)",
				);
				INFOPLIST_FILE = TextCheckerTestTests/Info.plist;
				LD_RUNPATH_SEARCH_PATHS = "$(inherited) @executable_path/Frameworks @loader_path/Frameworks";
				PRODUCT_NAME = "$(TARGET_NAME)";
				TEST_HOST = "$(BUILT_PRODUCTS_DIR)/TextCheckerTest.app/TextCheckerTest";
			};
			name = Debug;
		};
		8D1FAE6F1A872A9C00A4898D /* Release */ = {
			isa = XCBuildConfiguration;
			buildSettings = {
				BUNDLE_LOADER = "$(TEST_HOST)";
				FRAMEWORK_SEARCH_PATHS = (
					"$(SDKROOT)/Developer/Library/Frameworks",
					"$(inherited)",
				);
				INFOPLIST_FILE = TextCheckerTestTests/Info.plist;
				LD_RUNPATH_SEARCH_PATHS = "$(inherited) @executable_path/Frameworks @loader_path/Frameworks";
				PRODUCT_NAME = "$(TARGET_NAME)";
				TEST_HOST = "$(BUILT_PRODUCTS_DIR)/TextCheckerTest.app/TextCheckerTest";
			};
			name = Release;
		};
/* End XCBuildConfiguration section */

/* Begin XCConfigurationList section */
		8D1FAE421A872A9C00A4898D /* Build configuration list for PBXProject "TextCheckerTest" */ = {
			isa = XCConfigurationList;
			buildConfigurations = (
				8D1FAE681A872A9C00A4898D /* Debug */,
				8D1FAE691A872A9C00A4898D /* Release */,
			);
			defaultConfigurationIsVisible = 0;
			defaultConfigurationName = Release;
		};
		8D1FAE6A1A872A9C00A4898D /* Build configuration list for PBXNativeTarget "TextCheckerTest" */ = {
			isa = XCConfigurationList;
			buildConfigurations = (
				8D1FAE6B1A872A9C00A4898D /* Debug */,
				8D1FAE6C1A872A9C00A4898D /* Release */,
			);
			defaultConfigurationIsVisible = 0;
		};
		8D1FAE6D1A872A9C00A4898D /* Build configuration list for PBXNativeTarget "TextCheckerTestTests" */ = {
			isa = XCConfigurationList;
			buildConfigurations = (
				8D1FAE6E1A872A9C00A4898D /* Debug */,
				8D1FAE6F1A872A9C00A4898D /* Release */,
			);
			defaultConfigurationIsVisible = 0;
		};
/* End XCConfigurationList section */
	};
	rootObject = 8D1FAE3F1A872A9C00A4898D /* Project object */;
}
